// !$*UTF8*$!
{
	archiveVersion = 1;
	classes = {
	};
	objectVersion = 51;
	objects = {

/* Begin PBXBuildFile section */
		393D955E2592730D00B436D7 /* Project.swift in Sources */ = {isa = PBXBuildFile; fileRef = 393D955D2592730D00B436D7 /* Project.swift */; };
		393D9561259275DE00B436D7 /* Portfolio.swift in Sources */ = {isa = PBXBuildFile; fileRef = 393D9560259275DE00B436D7 /* Portfolio.swift */; };
		393D95642592764500B436D7 /* Organization.swift in Sources */ = {isa = PBXBuildFile; fileRef = 393D95632592764500B436D7 /* Organization.swift */; };
		393D95672592777F00B436D7 /* EmployeeOrganizationPart.swift in Sources */ = {isa = PBXBuildFile; fileRef = 393D95662592777F00B436D7 /* EmployeeOrganizationPart.swift */; };
		82A01F7C2591432600D54953 /* AppDelegate.swift in Sources */ = {isa = PBXBuildFile; fileRef = 82A01F7B2591432600D54953 /* AppDelegate.swift */; };
		82A01F7E2591432600D54953 /* SceneDelegate.swift in Sources */ = {isa = PBXBuildFile; fileRef = 82A01F7D2591432600D54953 /* SceneDelegate.swift */; };
		82A01F802591432600D54953 /* EmployeeViewController.swift in Sources */ = {isa = PBXBuildFile; fileRef = 82A01F7F2591432600D54953 /* EmployeeViewController.swift */; };
		82A01F832591432600D54953 /* Main.storyboard in Resources */ = {isa = PBXBuildFile; fileRef = 82A01F812591432600D54953 /* Main.storyboard */; };
		82A01F852591432800D54953 /* Assets.xcassets in Resources */ = {isa = PBXBuildFile; fileRef = 82A01F842591432800D54953 /* Assets.xcassets */; };
		82A01F882591432800D54953 /* LaunchScreen.storyboard in Resources */ = {isa = PBXBuildFile; fileRef = 82A01F862591432800D54953 /* LaunchScreen.storyboard */; };
		82A01FA0259145BC00D54953 /* Assessment.swift in Sources */ = {isa = PBXBuildFile; fileRef = 82A01F94259145BB00D54953 /* Assessment.swift */; };
		82A01FA1259145BC00D54953 /* EmployeeChangeGroup.swift in Sources */ = {isa = PBXBuildFile; fileRef = 82A01F95259145BB00D54953 /* EmployeeChangeGroup.swift */; };
		82A01FA2259145BC00D54953 /* OrganizationPartType.swift in Sources */ = {isa = PBXBuildFile; fileRef = 82A01F96259145BC00D54953 /* OrganizationPartType.swift */; };
		82A01FA3259145BC00D54953 /* RoadMapItem.swift in Sources */ = {isa = PBXBuildFile; fileRef = 82A01F97259145BC00D54953 /* RoadMapItem.swift */; };
		82A01FA4259145BC00D54953 /* Employee.swift in Sources */ = {isa = PBXBuildFile; fileRef = 82A01F98259145BC00D54953 /* Employee.swift */; };
		82A01FA5259145BC00D54953 /* Survey.swift in Sources */ = {isa = PBXBuildFile; fileRef = 82A01F99259145BC00D54953 /* Survey.swift */; };
		82A01FA6259145BC00D54953 /* ChangeManager.swift in Sources */ = {isa = PBXBuildFile; fileRef = 82A01F9A259145BC00D54953 /* ChangeManager.swift */; };
		82A01FA7259145BC00D54953 /* ChangeGroup.swift in Sources */ = {isa = PBXBuildFile; fileRef = 82A01F9B259145BC00D54953 /* ChangeGroup.swift */; };
		82A01FA8259145BC00D54953 /* ChangeInitiative.swift in Sources */ = {isa = PBXBuildFile; fileRef = 82A01F9C259145BC00D54953 /* ChangeInitiative.swift */; };
		82A01FA9259145BC00D54953 /* ChangeType.swift in Sources */ = {isa = PBXBuildFile; fileRef = 82A01F9D259145BC00D54953 /* ChangeType.swift */; };
		82A01FAA259145BC00D54953 /* OrganizationPart.swift in Sources */ = {isa = PBXBuildFile; fileRef = 82A01F9E259145BC00D54953 /* OrganizationPart.swift */; };
		82A01FAB259145BC00D54953 /* Question.swift in Sources */ = {isa = PBXBuildFile; fileRef = 82A01F9F259145BC00D54953 /* Question.swift */; };
		82A01FCE2591798100D54953 /* EmployeeAPI.swift in Sources */ = {isa = PBXBuildFile; fileRef = 82A01FCD2591798100D54953 /* EmployeeAPI.swift */; };
		82A01FDB259229D600D54953 /* EmployeeDetailsViewController.swift in Sources */ = {isa = PBXBuildFile; fileRef = 82A01FDA259229D600D54953 /* EmployeeDetailsViewController.swift */; };
		82A01FE225923C5F00D54953 /* LoginViewController.swift in Sources */ = {isa = PBXBuildFile; fileRef = 82A01FE125923C5F00D54953 /* LoginViewController.swift */; };
		82A01FE52592489C00D54953 /* HomeViewController.swift in Sources */ = {isa = PBXBuildFile; fileRef = 82A01FE42592489C00D54953 /* HomeViewController.swift */; };
		9008166023395A299D4C91D8 /* Pods_Essentials.framework in Frameworks */ = {isa = PBXBuildFile; fileRef = 0DE121FFFBC9F6E6CAF612E4 /* Pods_Essentials.framework */; };
/* End PBXBuildFile section */

/* Begin PBXFileReference section */
		0DE121FFFBC9F6E6CAF612E4 /* Pods_Essentials.framework */ = {isa = PBXFileReference; explicitFileType = wrapper.framework; includeInIndex = 0; path = Pods_Essentials.framework; sourceTree = BUILT_PRODUCTS_DIR; };
		148340C277215BFE4DD60B55 /* Pods-Essentials.debug.xcconfig */ = {isa = PBXFileReference; includeInIndex = 1; lastKnownFileType = text.xcconfig; name = "Pods-Essentials.debug.xcconfig"; path = "Target Support Files/Pods-Essentials/Pods-Essentials.debug.xcconfig"; sourceTree = "<group>"; };
		393D955D2592730D00B436D7 /* Project.swift */ = {isa = PBXFileReference; lastKnownFileType = sourcecode.swift; path = Project.swift; sourceTree = "<group>"; };
		393D9560259275DE00B436D7 /* Portfolio.swift */ = {isa = PBXFileReference; lastKnownFileType = sourcecode.swift; path = Portfolio.swift; sourceTree = "<group>"; };
		393D95632592764500B436D7 /* Organization.swift */ = {isa = PBXFileReference; lastKnownFileType = sourcecode.swift; path = Organization.swift; sourceTree = "<group>"; };
		393D95662592777F00B436D7 /* EmployeeOrganizationPart.swift */ = {isa = PBXFileReference; lastKnownFileType = sourcecode.swift; path = EmployeeOrganizationPart.swift; sourceTree = "<group>"; };
		44D57B21EAC920253B3EAAA5 /* Pods-Essentials.release.xcconfig */ = {isa = PBXFileReference; includeInIndex = 1; lastKnownFileType = text.xcconfig; name = "Pods-Essentials.release.xcconfig"; path = "Target Support Files/Pods-Essentials/Pods-Essentials.release.xcconfig"; sourceTree = "<group>"; };
		82A01F782591432600D54953 /* Essentials.app */ = {isa = PBXFileReference; explicitFileType = wrapper.application; includeInIndex = 0; path = Essentials.app; sourceTree = BUILT_PRODUCTS_DIR; };
		82A01F7B2591432600D54953 /* AppDelegate.swift */ = {isa = PBXFileReference; lastKnownFileType = sourcecode.swift; path = AppDelegate.swift; sourceTree = "<group>"; };
		82A01F7D2591432600D54953 /* SceneDelegate.swift */ = {isa = PBXFileReference; lastKnownFileType = sourcecode.swift; path = SceneDelegate.swift; sourceTree = "<group>"; };
		82A01F7F2591432600D54953 /* EmployeeViewController.swift */ = {isa = PBXFileReference; lastKnownFileType = sourcecode.swift; path = EmployeeViewController.swift; sourceTree = "<group>"; };
		82A01F822591432600D54953 /* Base */ = {isa = PBXFileReference; lastKnownFileType = file.storyboard; name = Base; path = Base.lproj/Main.storyboard; sourceTree = "<group>"; };
		82A01F842591432800D54953 /* Assets.xcassets */ = {isa = PBXFileReference; lastKnownFileType = folder.assetcatalog; path = Assets.xcassets; sourceTree = "<group>"; };
		82A01F872591432800D54953 /* Base */ = {isa = PBXFileReference; lastKnownFileType = file.storyboard; name = Base; path = Base.lproj/LaunchScreen.storyboard; sourceTree = "<group>"; };
		82A01F892591432800D54953 /* Info.plist */ = {isa = PBXFileReference; lastKnownFileType = text.plist.xml; path = Info.plist; sourceTree = "<group>"; };
		82A01F94259145BB00D54953 /* Assessment.swift */ = {isa = PBXFileReference; fileEncoding = 4; lastKnownFileType = sourcecode.swift; path = Assessment.swift; sourceTree = "<group>"; };
		82A01F95259145BB00D54953 /* EmployeeChangeGroup.swift */ = {isa = PBXFileReference; fileEncoding = 4; lastKnownFileType = sourcecode.swift; path = EmployeeChangeGroup.swift; sourceTree = "<group>"; };
		82A01F96259145BC00D54953 /* OrganizationPartType.swift */ = {isa = PBXFileReference; fileEncoding = 4; lastKnownFileType = sourcecode.swift; path = OrganizationPartType.swift; sourceTree = "<group>"; };
		82A01F97259145BC00D54953 /* RoadMapItem.swift */ = {isa = PBXFileReference; fileEncoding = 4; lastKnownFileType = sourcecode.swift; path = RoadMapItem.swift; sourceTree = "<group>"; };
		82A01F98259145BC00D54953 /* Employee.swift */ = {isa = PBXFileReference; fileEncoding = 4; lastKnownFileType = sourcecode.swift; path = Employee.swift; sourceTree = "<group>"; };
		82A01F99259145BC00D54953 /* Survey.swift */ = {isa = PBXFileReference; fileEncoding = 4; lastKnownFileType = sourcecode.swift; path = Survey.swift; sourceTree = "<group>"; };
		82A01F9A259145BC00D54953 /* ChangeManager.swift */ = {isa = PBXFileReference; fileEncoding = 4; lastKnownFileType = sourcecode.swift; path = ChangeManager.swift; sourceTree = "<group>"; };
		82A01F9B259145BC00D54953 /* ChangeGroup.swift */ = {isa = PBXFileReference; fileEncoding = 4; lastKnownFileType = sourcecode.swift; path = ChangeGroup.swift; sourceTree = "<group>"; };
		82A01F9C259145BC00D54953 /* ChangeInitiative.swift */ = {isa = PBXFileReference; fileEncoding = 4; lastKnownFileType = sourcecode.swift; path = ChangeInitiative.swift; sourceTree = "<group>"; };
		82A01F9D259145BC00D54953 /* ChangeType.swift */ = {isa = PBXFileReference; fileEncoding = 4; lastKnownFileType = sourcecode.swift; path = ChangeType.swift; sourceTree = "<group>"; };
		82A01F9E259145BC00D54953 /* OrganizationPart.swift */ = {isa = PBXFileReference; fileEncoding = 4; lastKnownFileType = sourcecode.swift; path = OrganizationPart.swift; sourceTree = "<group>"; };
		82A01F9F259145BC00D54953 /* Question.swift */ = {isa = PBXFileReference; fileEncoding = 4; lastKnownFileType = sourcecode.swift; path = Question.swift; sourceTree = "<group>"; };
		82A01FCD2591798100D54953 /* EmployeeAPI.swift */ = {isa = PBXFileReference; lastKnownFileType = sourcecode.swift; path = EmployeeAPI.swift; sourceTree = "<group>"; };
		82A01FDA259229D600D54953 /* EmployeeDetailsViewController.swift */ = {isa = PBXFileReference; lastKnownFileType = sourcecode.swift; path = EmployeeDetailsViewController.swift; sourceTree = "<group>"; };
		82A01FE125923C5F00D54953 /* LoginViewController.swift */ = {isa = PBXFileReference; lastKnownFileType = sourcecode.swift; path = LoginViewController.swift; sourceTree = "<group>"; };
		82A01FE42592489C00D54953 /* HomeViewController.swift */ = {isa = PBXFileReference; lastKnownFileType = sourcecode.swift; path = HomeViewController.swift; sourceTree = "<group>"; };
/* End PBXFileReference section */

/* Begin PBXFrameworksBuildPhase section */
		82A01F752591432600D54953 /* Frameworks */ = {
			isa = PBXFrameworksBuildPhase;
			buildActionMask = 2147483647;
			files = (
				9008166023395A299D4C91D8 /* Pods_Essentials.framework in Frameworks */,
			);
			runOnlyForDeploymentPostprocessing = 0;
		};
/* End PBXFrameworksBuildPhase section */

/* Begin PBXGroup section */
		4769A0BB5C4C9DC8D6B35464 /* Pods */ = {
			isa = PBXGroup;
			children = (
				148340C277215BFE4DD60B55 /* Pods-Essentials.debug.xcconfig */,
				44D57B21EAC920253B3EAAA5 /* Pods-Essentials.release.xcconfig */,
			);
			path = Pods;
			sourceTree = "<group>";
		};
		82A01F6F2591432600D54953 = {
			isa = PBXGroup;
			children = (
				82A01F7A2591432600D54953 /* Essentials */,
				82A01F792591432600D54953 /* Products */,
				4769A0BB5C4C9DC8D6B35464 /* Pods */,
				CB3F125249BA1A0B8A314CCF /* Frameworks */,
			);
			sourceTree = "<group>";
		};
		82A01F792591432600D54953 /* Products */ = {
			isa = PBXGroup;
			children = (
				82A01F782591432600D54953 /* Essentials.app */,
			);
			name = Products;
			sourceTree = "<group>";
		};
		82A01F7A2591432600D54953 /* Essentials */ = {
			isa = PBXGroup;
			children = (
				82A01FD92592299C00D54953 /* viewController */,
				82A01FAF25914C0A00D54953 /* network */,
				82A01F932591459900D54953 /* models */,
				82A01F7B2591432600D54953 /* AppDelegate.swift */,
				82A01F7D2591432600D54953 /* SceneDelegate.swift */,
				82A01F812591432600D54953 /* Main.storyboard */,
				82A01F842591432800D54953 /* Assets.xcassets */,
				82A01F862591432800D54953 /* LaunchScreen.storyboard */,
				82A01F892591432800D54953 /* Info.plist */,
			);
			path = Essentials;
			sourceTree = "<group>";
		};
		82A01F932591459900D54953 /* models */ = {
			isa = PBXGroup;
			children = (
				82A01F94259145BB00D54953 /* Assessment.swift */,
				82A01F9B259145BC00D54953 /* ChangeGroup.swift */,
				82A01F9C259145BC00D54953 /* ChangeInitiative.swift */,
				82A01F9A259145BC00D54953 /* ChangeManager.swift */,
				82A01F9D259145BC00D54953 /* ChangeType.swift */,
				82A01F98259145BC00D54953 /* Employee.swift */,
				82A01F95259145BB00D54953 /* EmployeeChangeGroup.swift */,
				82A01F9E259145BC00D54953 /* OrganizationPart.swift */,
				82A01F96259145BC00D54953 /* OrganizationPartType.swift */,
				82A01F9F259145BC00D54953 /* Question.swift */,
				82A01F97259145BC00D54953 /* RoadMapItem.swift */,
				82A01F99259145BC00D54953 /* Survey.swift */,
				393D955D2592730D00B436D7 /* Project.swift */,
				393D9560259275DE00B436D7 /* Portfolio.swift */,
				393D95632592764500B436D7 /* Organization.swift */,
				393D95662592777F00B436D7 /* EmployeeOrganizationPart.swift */,
			);
			path = models;
			sourceTree = "<group>";
		};
		82A01FAF25914C0A00D54953 /* network */ = {
			isa = PBXGroup;
			children = (
				82A01FD02591808900D54953 /* APIcalls */,
			);
			path = network;
			sourceTree = "<group>";
		};
		82A01FD02591808900D54953 /* APIcalls */ = {
			isa = PBXGroup;
			children = (
				82A01FCD2591798100D54953 /* EmployeeAPI.swift */,
			);
			path = APIcalls;
			sourceTree = "<group>";
		};
		82A01FD92592299C00D54953 /* viewController */ = {
			isa = PBXGroup;
			children = (
				82A01F7F2591432600D54953 /* EmployeeViewController.swift */,
				82A01FDA259229D600D54953 /* EmployeeDetailsViewController.swift */,
				82A01FE125923C5F00D54953 /* LoginViewController.swift */,
				82A01FE42592489C00D54953 /* HomeViewController.swift */,
			);
			path = viewController;
			sourceTree = "<group>";
		};
		CB3F125249BA1A0B8A314CCF /* Frameworks */ = {
			isa = PBXGroup;
			children = (
				0DE121FFFBC9F6E6CAF612E4 /* Pods_Essentials.framework */,
			);
			name = Frameworks;
			sourceTree = "<group>";
		};
/* End PBXGroup section */

/* Begin PBXNativeTarget section */
		82A01F772591432600D54953 /* Essentials */ = {
			isa = PBXNativeTarget;
			buildConfigurationList = 82A01F8C2591432800D54953 /* Build configuration list for PBXNativeTarget "Essentials" */;
			buildPhases = (
				CD9AEB855F138318A1EFFF2F /* [CP] Check Pods Manifest.lock */,
				82A01F742591432600D54953 /* Sources */,
				82A01F752591432600D54953 /* Frameworks */,
				82A01F762591432600D54953 /* Resources */,
				3A7F0B7B3381829ECB2B24A1 /* [CP] Embed Pods Frameworks */,
			);
			buildRules = (
			);
			dependencies = (
			);
			name = Essentials;
			productName = Essentials;
			productReference = 82A01F782591432600D54953 /* Essentials.app */;
			productType = "com.apple.product-type.application";
		};
/* End PBXNativeTarget section */

/* Begin PBXProject section */
		82A01F702591432600D54953 /* Project object */ = {
			isa = PBXProject;
			attributes = {
				KnownAssetTags = (
					ChangManagerPicker,
					employeePicker,
				);
				LastSwiftUpdateCheck = 1230;
				LastUpgradeCheck = 1230;
				TargetAttributes = {
					82A01F772591432600D54953 = {
						CreatedOnToolsVersion = 12.3;
					};
				};
			};
			buildConfigurationList = 82A01F732591432600D54953 /* Build configuration list for PBXProject "Essentials" */;
			compatibilityVersion = "Xcode 9.3";
			developmentRegion = en;
			hasScannedForEncodings = 0;
			knownRegions = (
				en,
				Base,
			);
			mainGroup = 82A01F6F2591432600D54953;
			productRefGroup = 82A01F792591432600D54953 /* Products */;
			projectDirPath = "";
			projectRoot = "";
			targets = (
				82A01F772591432600D54953 /* Essentials */,
			);
		};
/* End PBXProject section */

/* Begin PBXResourcesBuildPhase section */
		82A01F762591432600D54953 /* Resources */ = {
			isa = PBXResourcesBuildPhase;
			buildActionMask = 2147483647;
			files = (
				82A01F882591432800D54953 /* LaunchScreen.storyboard in Resources */,
				82A01F852591432800D54953 /* Assets.xcassets in Resources */,
				82A01F832591432600D54953 /* Main.storyboard in Resources */,
			);
			runOnlyForDeploymentPostprocessing = 0;
		};
/* End PBXResourcesBuildPhase section */

/* Begin PBXShellScriptBuildPhase section */
		3A7F0B7B3381829ECB2B24A1 /* [CP] Embed Pods Frameworks */ = {
			isa = PBXShellScriptBuildPhase;
			buildActionMask = 2147483647;
			files = (
			);
			inputFileListPaths = (
				"${PODS_ROOT}/Target Support Files/Pods-Essentials/Pods-Essentials-frameworks-${CONFIGURATION}-input-files.xcfilelist",
			);
			name = "[CP] Embed Pods Frameworks";
			outputFileListPaths = (
				"${PODS_ROOT}/Target Support Files/Pods-Essentials/Pods-Essentials-frameworks-${CONFIGURATION}-output-files.xcfilelist",
			);
			runOnlyForDeploymentPostprocessing = 0;
			shellPath = /bin/sh;
			shellScript = "\"${PODS_ROOT}/Target Support Files/Pods-Essentials/Pods-Essentials-frameworks.sh\"\n";
			showEnvVarsInLog = 0;
		};
		CD9AEB855F138318A1EFFF2F /* [CP] Check Pods Manifest.lock */ = {
			isa = PBXShellScriptBuildPhase;
			buildActionMask = 2147483647;
			files = (
			);
			inputFileListPaths = (
			);
			inputPaths = (
				"${PODS_PODFILE_DIR_PATH}/Podfile.lock",
				"${PODS_ROOT}/Manifest.lock",
			);
			name = "[CP] Check Pods Manifest.lock";
			outputFileListPaths = (
			);
			outputPaths = (
				"$(DERIVED_FILE_DIR)/Pods-Essentials-checkManifestLockResult.txt",
			);
			runOnlyForDeploymentPostprocessing = 0;
			shellPath = /bin/sh;
			shellScript = "diff \"${PODS_PODFILE_DIR_PATH}/Podfile.lock\" \"${PODS_ROOT}/Manifest.lock\" > /dev/null\nif [ $? != 0 ] ; then\n    # print error to STDERR\n    echo \"error: The sandbox is not in sync with the Podfile.lock. Run 'pod install' or update your CocoaPods installation.\" >&2\n    exit 1\nfi\n# This output is used by Xcode 'outputs' to avoid re-running this script phase.\necho \"SUCCESS\" > \"${SCRIPT_OUTPUT_FILE_0}\"\n";
			showEnvVarsInLog = 0;
		};
/* End PBXShellScriptBuildPhase section */

/* Begin PBXSourcesBuildPhase section */
		82A01F742591432600D54953 /* Sources */ = {
			isa = PBXSourcesBuildPhase;
			buildActionMask = 2147483647;
			files = (
				82A01FE225923C5F00D54953 /* LoginViewController.swift in Sources */,
				82A01FAB259145BC00D54953 /* Question.swift in Sources */,
				82A01FE52592489C00D54953 /* HomeViewController.swift in Sources */,
				82A01FA5259145BC00D54953 /* Survey.swift in Sources */,
				82A01FDB259229D600D54953 /* EmployeeDetailsViewController.swift in Sources */,
				393D95642592764500B436D7 /* Organization.swift in Sources */,
				393D9561259275DE00B436D7 /* Portfolio.swift in Sources */,
				82A01F802591432600D54953 /* EmployeeViewController.swift in Sources */,
				82A01FA4259145BC00D54953 /* Employee.swift in Sources */,
				393D955E2592730D00B436D7 /* Project.swift in Sources */,
				82A01FA1259145BC00D54953 /* EmployeeChangeGroup.swift in Sources */,
				82A01FA3259145BC00D54953 /* RoadMapItem.swift in Sources */,
				82A01FCE2591798100D54953 /* EmployeeAPI.swift in Sources */,
				82A01FA8259145BC00D54953 /* ChangeInitiative.swift in Sources */,
				393D95672592777F00B436D7 /* EmployeeOrganizationPart.swift in Sources */,
				82A01FA9259145BC00D54953 /* ChangeType.swift in Sources */,
				82A01FA7259145BC00D54953 /* ChangeGroup.swift in Sources */,
				82A01FA6259145BC00D54953 /* ChangeManager.swift in Sources */,
				82A01FA0259145BC00D54953 /* Assessment.swift in Sources */,
				82A01F7C2591432600D54953 /* AppDelegate.swift in Sources */,
				82A01FAA259145BC00D54953 /* OrganizationPart.swift in Sources */,
				82A01F7E2591432600D54953 /* SceneDelegate.swift in Sources */,
				82A01FA2259145BC00D54953 /* OrganizationPartType.swift in Sources */,
			);
			runOnlyForDeploymentPostprocessing = 0;
		};
/* End PBXSourcesBuildPhase section */

/* Begin PBXVariantGroup section */
		82A01F812591432600D54953 /* Main.storyboard */ = {
			isa = PBXVariantGroup;
			children = (
				82A01F822591432600D54953 /* Base */,
			);
			name = Main.storyboard;
			sourceTree = "<group>";
		};
		82A01F862591432800D54953 /* LaunchScreen.storyboard */ = {
			isa = PBXVariantGroup;
			children = (
				82A01F872591432800D54953 /* Base */,
			);
			name = LaunchScreen.storyboard;
			sourceTree = "<group>";
		};
/* End PBXVariantGroup section */

/* Begin XCBuildConfiguration section */
		82A01F8A2591432800D54953 /* Debug */ = {
			isa = XCBuildConfiguration;
			buildSettings = {
				ALWAYS_SEARCH_USER_PATHS = NO;
				CLANG_ANALYZER_NONNULL = YES;
				CLANG_ANALYZER_NUMBER_OBJECT_CONVERSION = YES_AGGRESSIVE;
				CLANG_CXX_LANGUAGE_STANDARD = "gnu++14";
				CLANG_CXX_LIBRARY = "libc++";
				CLANG_ENABLE_MODULES = YES;
				CLANG_ENABLE_OBJC_ARC = YES;
				CLANG_ENABLE_OBJC_WEAK = YES;
				CLANG_WARN_BLOCK_CAPTURE_AUTORELEASING = YES;
				CLANG_WARN_BOOL_CONVERSION = YES;
				CLANG_WARN_COMMA = YES;
				CLANG_WARN_CONSTANT_CONVERSION = YES;
				CLANG_WARN_DEPRECATED_OBJC_IMPLEMENTATIONS = YES;
				CLANG_WARN_DIRECT_OBJC_ISA_USAGE = YES_ERROR;
				CLANG_WARN_DOCUMENTATION_COMMENTS = YES;
				CLANG_WARN_EMPTY_BODY = YES;
				CLANG_WARN_ENUM_CONVERSION = YES;
				CLANG_WARN_INFINITE_RECURSION = YES;
				CLANG_WARN_INT_CONVERSION = YES;
				CLANG_WARN_NON_LITERAL_NULL_CONVERSION = YES;
				CLANG_WARN_OBJC_IMPLICIT_RETAIN_SELF = YES;
				CLANG_WARN_OBJC_LITERAL_CONVERSION = YES;
				CLANG_WARN_OBJC_ROOT_CLASS = YES_ERROR;
				CLANG_WARN_QUOTED_INCLUDE_IN_FRAMEWORK_HEADER = YES;
				CLANG_WARN_RANGE_LOOP_ANALYSIS = YES;
				CLANG_WARN_STRICT_PROTOTYPES = YES;
				CLANG_WARN_SUSPICIOUS_MOVE = YES;
				CLANG_WARN_UNGUARDED_AVAILABILITY = YES_AGGRESSIVE;
				CLANG_WARN_UNREACHABLE_CODE = YES;
				CLANG_WARN__DUPLICATE_METHOD_MATCH = YES;
				COPY_PHASE_STRIP = NO;
				DEBUG_INFORMATION_FORMAT = dwarf;
				ENABLE_STRICT_OBJC_MSGSEND = YES;
				ENABLE_TESTABILITY = YES;
				GCC_C_LANGUAGE_STANDARD = gnu11;
				GCC_DYNAMIC_NO_PIC = NO;
				GCC_NO_COMMON_BLOCKS = YES;
				GCC_OPTIMIZATION_LEVEL = 0;
				GCC_PREPROCESSOR_DEFINITIONS = (
					"DEBUG=1",
					"$(inherited)",
				);
				GCC_WARN_64_TO_32_BIT_CONVERSION = YES;
				GCC_WARN_ABOUT_RETURN_TYPE = YES_ERROR;
				GCC_WARN_UNDECLARED_SELECTOR = YES;
				GCC_WARN_UNINITIALIZED_AUTOS = YES_AGGRESSIVE;
				GCC_WARN_UNUSED_FUNCTION = YES;
				GCC_WARN_UNUSED_VARIABLE = YES;
				IPHONEOS_DEPLOYMENT_TARGET = 14.3;
				MTL_ENABLE_DEBUG_INFO = INCLUDE_SOURCE;
				MTL_FAST_MATH = YES;
				ONLY_ACTIVE_ARCH = YES;
				SDKROOT = iphoneos;
				SWIFT_ACTIVE_COMPILATION_CONDITIONS = DEBUG;
				SWIFT_OPTIMIZATION_LEVEL = "-Onone";
			};
			name = Debug;
		};
		82A01F8B2591432800D54953 /* Release */ = {
			isa = XCBuildConfiguration;
			buildSettings = {
				ALWAYS_SEARCH_USER_PATHS = NO;
				CLANG_ANALYZER_NONNULL = YES;
				CLANG_ANALYZER_NUMBER_OBJECT_CONVERSION = YES_AGGRESSIVE;
				CLANG_CXX_LANGUAGE_STANDARD = "gnu++14";
				CLANG_CXX_LIBRARY = "libc++";
				CLANG_ENABLE_MODULES = YES;
				CLANG_ENABLE_OBJC_ARC = YES;
				CLANG_ENABLE_OBJC_WEAK = YES;
				CLANG_WARN_BLOCK_CAPTURE_AUTORELEASING = YES;
				CLANG_WARN_BOOL_CONVERSION = YES;
				CLANG_WARN_COMMA = YES;
				CLANG_WARN_CONSTANT_CONVERSION = YES;
				CLANG_WARN_DEPRECATED_OBJC_IMPLEMENTATIONS = YES;
				CLANG_WARN_DIRECT_OBJC_ISA_USAGE = YES_ERROR;
				CLANG_WARN_DOCUMENTATION_COMMENTS = YES;
				CLANG_WARN_EMPTY_BODY = YES;
				CLANG_WARN_ENUM_CONVERSION = YES;
				CLANG_WARN_INFINITE_RECURSION = YES;
				CLANG_WARN_INT_CONVERSION = YES;
				CLANG_WARN_NON_LITERAL_NULL_CONVERSION = YES;
				CLANG_WARN_OBJC_IMPLICIT_RETAIN_SELF = YES;
				CLANG_WARN_OBJC_LITERAL_CONVERSION = YES;
				CLANG_WARN_OBJC_ROOT_CLASS = YES_ERROR;
				CLANG_WARN_QUOTED_INCLUDE_IN_FRAMEWORK_HEADER = YES;
				CLANG_WARN_RANGE_LOOP_ANALYSIS = YES;
				CLANG_WARN_STRICT_PROTOTYPES = YES;
				CLANG_WARN_SUSPICIOUS_MOVE = YES;
				CLANG_WARN_UNGUARDED_AVAILABILITY = YES_AGGRESSIVE;
				CLANG_WARN_UNREACHABLE_CODE = YES;
				CLANG_WARN__DUPLICATE_METHOD_MATCH = YES;
				COPY_PHASE_STRIP = NO;
				DEBUG_INFORMATION_FORMAT = "dwarf-with-dsym";
				ENABLE_NS_ASSERTIONS = NO;
				ENABLE_STRICT_OBJC_MSGSEND = YES;
				GCC_C_LANGUAGE_STANDARD = gnu11;
				GCC_NO_COMMON_BLOCKS = YES;
				GCC_WARN_64_TO_32_BIT_CONVERSION = YES;
				GCC_WARN_ABOUT_RETURN_TYPE = YES_ERROR;
				GCC_WARN_UNDECLARED_SELECTOR = YES;
				GCC_WARN_UNINITIALIZED_AUTOS = YES_AGGRESSIVE;
				GCC_WARN_UNUSED_FUNCTION = YES;
				GCC_WARN_UNUSED_VARIABLE = YES;
				IPHONEOS_DEPLOYMENT_TARGET = 14.3;
				MTL_ENABLE_DEBUG_INFO = NO;
				MTL_FAST_MATH = YES;
				SDKROOT = iphoneos;
				SWIFT_COMPILATION_MODE = wholemodule;
				SWIFT_OPTIMIZATION_LEVEL = "-O";
				VALIDATE_PRODUCT = YES;
			};
			name = Release;
		};
		82A01F8D2591432800D54953 /* Debug */ = {
			isa = XCBuildConfiguration;
			baseConfigurationReference = 148340C277215BFE4DD60B55 /* Pods-Essentials.debug.xcconfig */;
			buildSettings = {
				ASSETCATALOG_COMPILER_APPICON_NAME = AppIcon;
				ASSETCATALOG_COMPILER_GLOBAL_ACCENT_COLOR_NAME = AccentColor;
				CODE_SIGN_STYLE = Automatic;
				INFOPLIST_FILE = Essentials/Info.plist;
				LD_RUNPATH_SEARCH_PATHS = (
					"$(inherited)",
					"@executable_path/Frameworks",
				);
				PRODUCT_BUNDLE_IDENTIFIER = "com.essentials-hogent.Essentials";
				PRODUCT_NAME = "$(TARGET_NAME)";
				SWIFT_VERSION = 5.0;
				TARGETED_DEVICE_FAMILY = "1,2";
			};
			name = Debug;
		};
		82A01F8E2591432800D54953 /* Release */ = {
			isa = XCBuildConfiguration;
			baseConfigurationReference = 44D57B21EAC920253B3EAAA5 /* Pods-Essentials.release.xcconfig */;
			buildSettings = {
				ASSETCATALOG_COMPILER_APPICON_NAME = AppIcon;
				ASSETCATALOG_COMPILER_GLOBAL_ACCENT_COLOR_NAME = AccentColor;
				CODE_SIGN_STYLE = Automatic;
				INFOPLIST_FILE = Essentials/Info.plist;
				LD_RUNPATH_SEARCH_PATHS = (
					"$(inherited)",
					"@executable_path/Frameworks",
				);
				PRODUCT_BUNDLE_IDENTIFIER = "com.essentials-hogent.Essentials";
				PRODUCT_NAME = "$(TARGET_NAME)";
				SWIFT_VERSION = 5.0;
				TARGETED_DEVICE_FAMILY = "1,2";
			};
			name = Release;
		};
/* End XCBuildConfiguration section */

/* Begin XCConfigurationList section */
		82A01F732591432600D54953 /* Build configuration list for PBXProject "Essentials" */ = {
			isa = XCConfigurationList;
			buildConfigurations = (
				82A01F8A2591432800D54953 /* Debug */,
				82A01F8B2591432800D54953 /* Release */,
			);
			defaultConfigurationIsVisible = 0;
			defaultConfigurationName = Release;
		};
		82A01F8C2591432800D54953 /* Build configuration list for PBXNativeTarget "Essentials" */ = {
			isa = XCConfigurationList;
			buildConfigurations = (
				82A01F8D2591432800D54953 /* Debug */,
				82A01F8E2591432800D54953 /* Release */,
			);
			defaultConfigurationIsVisible = 0;
			defaultConfigurationName = Release;
		};
/* End XCConfigurationList section */
	};
	rootObject = 82A01F702591432600D54953 /* Project object */;
}
